
Microsoft Visual Studio Solution File, Format Version 12.00
# Visual Studio Version 17
VisualStudioVersion = 17.1.32228.430
MinimumVisualStudioVersion = 10.0.40219.1
Project("{FAE04EC0-301F-11D3-BF4B-00C04F79EFBC}") = "BowlingExercice", "BowlingExercice\BowlingExercice.csproj", "{9B7877BC-2205-44B7-BEEE-6E21EBB5787A}"
EndProject
Project("{FAE04EC0-301F-11D3-BF4B-00C04F79EFBC}") = "BowlingExercice.Tests", "BowlingExercice.Tests\BowlingExercice.Tests.csproj", "{D83D896B-280E-4CF8-A780-0DED12087090}"
EndProject
Global
	GlobalSection(SolutionConfigurationPlatforms) = preSolution
		Debug|Any CPU = Debug|Any CPU
		Release|Any CPU = Release|Any CPU
	EndGlobalSection
	GlobalSection(ProjectConfigurationPlatforms) = postSolution
		{9B7877BC-2205-44B7-BEEE-6E21EBB5787A}.Debug|Any CPU.ActiveCfg = Debug|Any CPU
		{9B7877BC-2205-44B7-BEEE-6E21EBB5787A}.Debug|Any CPU.Build.0 = Debug|Any CPU
		{9B7877BC-2205-44B7-BEEE-6E21EBB5787A}.Release|Any CPU.ActiveCfg = Release|Any CPU
		{9B7877BC-2205-44B7-BEEE-6E21EBB5787A}.Release|Any CPU.Build.0 = Release|Any CPU
		{D83D896B-280E-4CF8-A780-0DED12087090}.Debug|Any CPU.ActiveCfg = Debug|Any CPU
		{D83D896B-280E-4CF8-A780-0DED12087090}.Debug|Any CPU.Build.0 = Debug|Any CPU
		{D83D896B-280E-4CF8-A780-0DED12087090}.Release|Any CPU.ActiveCfg = Release|Any CPU
		{D83D896B-280E-4CF8-A780-0DED12087090}.Release|Any CPU.Build.0 = Release|Any CPU
	EndGlobalSection
	GlobalSection(SolutionProperties) = preSolution
		HideSolutionNode = FALSE
	EndGlobalSection
	GlobalSection(ExtensibilityGlobals) = postSolution
		SolutionGuid = {99112E16-DFD2-4EED-B5CA-6F73CD5A1BB7}
	EndGlobalSection
EndGlobal
